{
  "name": "otp-login",
  "version": "0.1.0",
  "lockfileVersion": 3,
  "requires": true,
  "packages": {
    "": {
      "name": "otp-login",
      "version": "0.1.0",
      "dependencies": {
        "otp-login": "file:"
      }
    },
    "node_modules/otp-login": {
      "resolved": "",
      "link": true
    }
  }
}
